
Microsoft Visual Studio Solution File, Format Version 12.00
# Visual Studio Version 17
VisualStudioVersion = 17.4.33103.184
MinimumVisualStudioVersion = 10.0.40219.1
Project("{FAE04EC0-301F-11D3-BF4B-00C04F79EFBC}") = "Logger", "Logger.csproj", "{A3DFAD08-1FDD-4790-A715-1D288A6F3102}"
EndProject
Global
	GlobalSection(SolutionConfigurationPlatforms) = preSolution
		Debug|Any CPU = Debug|Any CPU
		Release|Any CPU = Release|Any CPU
	EndGlobalSection
	GlobalSection(ProjectConfigurationPlatforms) = postSolution
		{A3DFAD08-1FDD-4790-A715-1D288A6F3102}.Debug|Any CPU.ActiveCfg = Debug|Any CPU
		{A3DFAD08-1FDD-4790-A715-1D288A6F3102}.Debug|Any CPU.Build.0 = Debug|Any CPU
		{A3DFAD08-1FDD-4790-A715-1D288A6F3102}.Release|Any CPU.ActiveCfg = Release|Any CPU
		{A3DFAD08-1FDD-4790-A715-1D288A6F3102}.Release|Any CPU.Build.0 = Release|Any CPU
	EndGlobalSection
	GlobalSection(SolutionProperties) = preSolution
		HideSolutionNode = FALSE
	EndGlobalSection
	GlobalSection(ExtensibilityGlobals) = postSolution
		SolutionGuid = {32D541EF-0049-4CA7-9B2F-0459E9400EFE}
	EndGlobalSection
EndGlobal
