
Microsoft Visual Studio Solution File, Format Version 12.00
# Visual Studio Version 17
VisualStudioVersion = 17.4.33103.184
MinimumVisualStudioVersion = 10.0.40219.1
Project("{9A19103F-16F7-4668-BE54-9A1E7A4F7556}") = "UplataService", "UplataService.csproj", "{0F3B48B9-FCFC-4891-A045-C5CFA6D6B6D4}"
EndProject
Global
	GlobalSection(SolutionConfigurationPlatforms) = preSolution
		Debug|Any CPU = Debug|Any CPU
		Release|Any CPU = Release|Any CPU
	EndGlobalSection
	GlobalSection(ProjectConfigurationPlatforms) = postSolution
		{0F3B48B9-FCFC-4891-A045-C5CFA6D6B6D4}.Debug|Any CPU.ActiveCfg = Debug|Any CPU
		{0F3B48B9-FCFC-4891-A045-C5CFA6D6B6D4}.Debug|Any CPU.Build.0 = Debug|Any CPU
		{0F3B48B9-FCFC-4891-A045-C5CFA6D6B6D4}.Release|Any CPU.ActiveCfg = Release|Any CPU
		{0F3B48B9-FCFC-4891-A045-C5CFA6D6B6D4}.Release|Any CPU.Build.0 = Release|Any CPU
	EndGlobalSection
	GlobalSection(SolutionProperties) = preSolution
		HideSolutionNode = FALSE
	EndGlobalSection
	GlobalSection(ExtensibilityGlobals) = postSolution
		SolutionGuid = {8B5A4E6D-A0FF-42D1-A5C4-D804811533B2}
	EndGlobalSection
EndGlobal
